
Microsoft Visual Studio Solution File, Format Version 12.00
Project("{2150E333-8FDC-42A3-9474-1A3956D46DE8}") = "src", "src", "{880F174B-C367-4F92-ADDC-057BBAFB9D3B}"
EndProject
Project("{2150E333-8FDC-42A3-9474-1A3956D46DE8}") = "tests", "tests", "{9F99CE3D-5B25-4EC1-AB81-543356BEF5B5}"
EndProject
Project("{2150E333-8FDC-42A3-9474-1A3956D46DE8}") = "core", "core", "{E3324742-452D-4C6B-8671-F0E46EEE566E}"
EndProject
Project("{2150E333-8FDC-42A3-9474-1A3956D46DE8}") = "presentation", "presentation", "{117FA4E8-EEDD-4951-BAC2-595BC7C54BB6}"
EndProject
Project("{FAE04EC0-301F-11D3-BF4B-00C04F79EFBC}") = "Unistream.Transaction.Domain", "src\core\Unistream.Transaction.Domain\Unistream.Transaction.Domain.csproj", "{F2AD826B-7A58-4072-B178-CABEC9E8AAA1}"
EndProject
Project("{2150E333-8FDC-42A3-9474-1A3956D46DE8}") = "infrastructure", "infrastructure", "{540C158C-15CC-4F3B-99C3-84514CF37975}"
EndProject
Project("{FAE04EC0-301F-11D3-BF4B-00C04F79EFBC}") = "Unistream.Transaction.Persistence", "src\infrastructure\Unistream.Transaction.Persistence\Unistream.Transaction.Persistence.csproj", "{63DEA57F-55A1-47F2-83AD-7D23B1FF8ADA}"
EndProject
Project("{FAE04EC0-301F-11D3-BF4B-00C04F79EFBC}") = "Unistream.Transaction.HttpApi", "src\presentation\Unistream.Transaction.HttpApi\Unistream.Transaction.HttpApi.csproj", "{7F2B3A31-389A-4AEC-8DBF-894B1621E6A5}"
EndProject
Project("{2150E333-8FDC-42A3-9474-1A3956D46DE8}") = "Solution Items", "Solution Items", "{C4CFA4C9-90D4-4685-A540-C060F3605824}"
	ProjectSection(SolutionItems) = preProject
		docker-compose.yml = docker-compose.yml
	EndProjectSection
EndProject
Project("{FAE04EC0-301F-11D3-BF4B-00C04F79EFBC}") = "Unistream.Transaction.Services", "src\infrastructure\Unistream.Transaction.Services\Unistream.Transaction.Services.csproj", "{5C750D6C-224C-4175-8DB9-7CE37C431A35}"
EndProject
Project("{FAE04EC0-301F-11D3-BF4B-00C04F79EFBC}") = "Unistream.Transaction.Commands", "src\infrastructure\Unistream.Transaction.Commands\Unistream.Transaction.Commands.csproj", "{58F3CFD4-7A74-4B69-976A-1999392C49D3}"
EndProject
Global
	GlobalSection(SolutionConfigurationPlatforms) = preSolution
		Debug|Any CPU = Debug|Any CPU
		Release|Any CPU = Release|Any CPU
	EndGlobalSection
	GlobalSection(NestedProjects) = preSolution
		{E3324742-452D-4C6B-8671-F0E46EEE566E} = {880F174B-C367-4F92-ADDC-057BBAFB9D3B}
		{117FA4E8-EEDD-4951-BAC2-595BC7C54BB6} = {880F174B-C367-4F92-ADDC-057BBAFB9D3B}
		{F2AD826B-7A58-4072-B178-CABEC9E8AAA1} = {E3324742-452D-4C6B-8671-F0E46EEE566E}
		{540C158C-15CC-4F3B-99C3-84514CF37975} = {880F174B-C367-4F92-ADDC-057BBAFB9D3B}
		{63DEA57F-55A1-47F2-83AD-7D23B1FF8ADA} = {540C158C-15CC-4F3B-99C3-84514CF37975}
		{7F2B3A31-389A-4AEC-8DBF-894B1621E6A5} = {117FA4E8-EEDD-4951-BAC2-595BC7C54BB6}
		{5C750D6C-224C-4175-8DB9-7CE37C431A35} = {540C158C-15CC-4F3B-99C3-84514CF37975}
		{58F3CFD4-7A74-4B69-976A-1999392C49D3} = {540C158C-15CC-4F3B-99C3-84514CF37975}
	EndGlobalSection
	GlobalSection(ProjectConfigurationPlatforms) = postSolution
		{F2AD826B-7A58-4072-B178-CABEC9E8AAA1}.Debug|Any CPU.ActiveCfg = Debug|Any CPU
		{F2AD826B-7A58-4072-B178-CABEC9E8AAA1}.Debug|Any CPU.Build.0 = Debug|Any CPU
		{F2AD826B-7A58-4072-B178-CABEC9E8AAA1}.Release|Any CPU.ActiveCfg = Release|Any CPU
		{F2AD826B-7A58-4072-B178-CABEC9E8AAA1}.Release|Any CPU.Build.0 = Release|Any CPU
		{63DEA57F-55A1-47F2-83AD-7D23B1FF8ADA}.Debug|Any CPU.ActiveCfg = Debug|Any CPU
		{63DEA57F-55A1-47F2-83AD-7D23B1FF8ADA}.Debug|Any CPU.Build.0 = Debug|Any CPU
		{63DEA57F-55A1-47F2-83AD-7D23B1FF8ADA}.Release|Any CPU.ActiveCfg = Release|Any CPU
		{63DEA57F-55A1-47F2-83AD-7D23B1FF8ADA}.Release|Any CPU.Build.0 = Release|Any CPU
		{7F2B3A31-389A-4AEC-8DBF-894B1621E6A5}.Debug|Any CPU.ActiveCfg = Debug|Any CPU
		{7F2B3A31-389A-4AEC-8DBF-894B1621E6A5}.Debug|Any CPU.Build.0 = Debug|Any CPU
		{7F2B3A31-389A-4AEC-8DBF-894B1621E6A5}.Release|Any CPU.ActiveCfg = Release|Any CPU
		{7F2B3A31-389A-4AEC-8DBF-894B1621E6A5}.Release|Any CPU.Build.0 = Release|Any CPU
		{5C750D6C-224C-4175-8DB9-7CE37C431A35}.Debug|Any CPU.ActiveCfg = Debug|Any CPU
		{5C750D6C-224C-4175-8DB9-7CE37C431A35}.Debug|Any CPU.Build.0 = Debug|Any CPU
		{5C750D6C-224C-4175-8DB9-7CE37C431A35}.Release|Any CPU.ActiveCfg = Release|Any CPU
		{5C750D6C-224C-4175-8DB9-7CE37C431A35}.Release|Any CPU.Build.0 = Release|Any CPU
		{58F3CFD4-7A74-4B69-976A-1999392C49D3}.Debug|Any CPU.ActiveCfg = Debug|Any CPU
		{58F3CFD4-7A74-4B69-976A-1999392C49D3}.Debug|Any CPU.Build.0 = Debug|Any CPU
		{58F3CFD4-7A74-4B69-976A-1999392C49D3}.Release|Any CPU.ActiveCfg = Release|Any CPU
		{58F3CFD4-7A74-4B69-976A-1999392C49D3}.Release|Any CPU.Build.0 = Release|Any CPU
	EndGlobalSection
EndGlobal
